{
    "compile": {
        "org.jetbrains.kotlin:kotlin-gradle-plugin": {
            "locked": "1.1.2",
            "requested": "1.1.2"
        },
        "org.jetbrains.kotlin:kotlin-reflect": {
            "locked": "1.1.2",
            "requested": "1.1.2"
        },
        "org.jetbrains.kotlin:kotlin-stdlib": {
            "locked": "1.1.2",
            "requested": "1.0.3"
        }
    },
    "compileClasspath": {
        "org.jetbrains.kotlin:kotlin-gradle-plugin": {
            "locked": "1.1.2",
            "requested": "1.1.2"
        },
        "org.jetbrains.kotlin:kotlin-reflect": {
            "locked": "1.1.2",
            "requested": "1.1.2"
        },
        "org.jetbrains.kotlin:kotlin-stdlib": {
            "locked": "1.1.2",
            "requested": "1.0.3"
        }
    },
    "default": {
        "org.jetbrains.kotlin:kotlin-gradle-plugin": {
            "locked": "1.1.2",
            "requested": "1.1.2"
        },
        "org.jetbrains.kotlin:kotlin-reflect": {
            "locked": "1.1.2",
            "requested": "1.1.2"
        },
        "org.jetbrains.kotlin:kotlin-stdlib": {
            "locked": "1.1.2",
            "requested": "1.0.3"
        }
    },
    "integTestCompile": {
        "com.netflix.nebula:nebula-test": {
            "locked": "6.0.1",
            "requested": "6.0.1"
        },
        "org.jetbrains.kotlin:kotlin-gradle-plugin": {
            "locked": "1.1.2",
            "requested": "1.1.2"
        },
        "org.jetbrains.kotlin:kotlin-reflect": {
            "locked": "1.1.2",
            "requested": "1.1.2"
        },
        "org.jetbrains.kotlin:kotlin-stdlib": {
            "locked": "1.1.2",
            "requested": "1.0.3"
        }
    },
    "integTestCompileClasspath": {
        "com.netflix.nebula:nebula-test": {
            "locked": "6.0.1",
            "requested": "6.0.1"
        },
        "org.jetbrains.kotlin:kotlin-gradle-plugin": {
            "locked": "1.1.2",
            "requested": "1.1.2"
        },
        "org.jetbrains.kotlin:kotlin-reflect": {
            "locked": "1.1.2",
            "requested": "1.1.2"
        },
        "org.jetbrains.kotlin:kotlin-stdlib": {
            "locked": "1.1.2",
            "requested": "1.0.3"
        }
    },
    "integTestRuntime": {
        "com.netflix.nebula:nebula-test": {
            "locked": "6.0.1",
            "requested": "6.0.1"
        },
        "org.jetbrains.kotlin:kotlin-gradle-plugin": {
            "locked": "1.1.2",
            "requested": "1.1.2"
        },
        "org.jetbrains.kotlin:kotlin-reflect": {
            "locked": "1.1.2",
            "requested": "1.1.2"
        },
        "org.jetbrains.kotlin:kotlin-stdlib": {
            "locked": "1.1.2",
            "requested": "1.0.3"
        }
    },
    "integTestRuntimeClasspath": {
        "com.netflix.nebula:nebula-test": {
            "locked": "6.0.1",
            "requested": "6.0.1"
        },
        "org.jetbrains.kotlin:kotlin-gradle-plugin": {
            "locked": "1.1.2",
            "requested": "1.1.2"
        },
        "org.jetbrains.kotlin:kotlin-reflect": {
            "locked": "1.1.2",
            "requested": "1.1.2"
        },
        "org.jetbrains.kotlin:kotlin-stdlib": {
            "locked": "1.1.2",
            "requested": "1.0.3"
        }
    },
    "jacocoAgent": {
        "org.jacoco:org.jacoco.agent": {
            "locked": "0.7.8"
        }
    },
    "jacocoAnt": {
        "org.jacoco:org.jacoco.ant": {
            "locked": "0.7.8"
        }
    },
    "kapt": {
        "org.jetbrains.kotlin:kotlin-annotation-processing": {
            "locked": "1.0.3",
            "requested": "1.0.3"
        }
    },
    "kaptIntegTest": {
        "org.jetbrains.kotlin:kotlin-annotation-processing": {
            "locked": "1.0.3",
            "requested": "1.0.3"
        }
    },
    "kaptTest": {
        "org.jetbrains.kotlin:kotlin-annotation-processing": {
            "locked": "1.0.3",
            "requested": "1.0.3"
        }
    },
    "runtime": {
        "org.jetbrains.kotlin:kotlin-gradle-plugin": {
            "locked": "1.1.2",
            "requested": "1.1.2"
        },
        "org.jetbrains.kotlin:kotlin-reflect": {
            "locked": "1.1.2",
            "requested": "1.1.2"
        },
        "org.jetbrains.kotlin:kotlin-stdlib": {
            "locked": "1.1.2",
            "requested": "1.0.3"
        }
    },
    "runtimeClasspath": {
        "org.jetbrains.kotlin:kotlin-gradle-plugin": {
            "locked": "1.1.2",
            "requested": "1.1.2"
        },
        "org.jetbrains.kotlin:kotlin-reflect": {
            "locked": "1.1.2",
            "requested": "1.1.2"
        },
        "org.jetbrains.kotlin:kotlin-stdlib": {
            "locked": "1.1.2",
            "requested": "1.0.3"
        }
    },
    "testCompile": {
        "com.netflix.nebula:nebula-test": {
            "locked": "6.0.1",
            "requested": "6.0.1"
        },
        "org.jetbrains.kotlin:kotlin-gradle-plugin": {
            "locked": "1.1.2",
            "requested": "1.1.2"
        },
        "org.jetbrains.kotlin:kotlin-reflect": {
            "locked": "1.1.2",
            "requested": "1.1.2"
        },
        "org.jetbrains.kotlin:kotlin-stdlib": {
            "locked": "1.1.2",
            "requested": "1.0.3"
        }
    },
    "testCompileClasspath": {
        "com.netflix.nebula:nebula-test": {
            "locked": "6.0.1",
            "requested": "6.0.1"
        },
        "org.jetbrains.kotlin:kotlin-gradle-plugin": {
            "locked": "1.1.2",
            "requested": "1.1.2"
        },
        "org.jetbrains.kotlin:kotlin-reflect": {
            "locked": "1.1.2",
            "requested": "1.1.2"
        },
        "org.jetbrains.kotlin:kotlin-stdlib": {
            "locked": "1.1.2",
            "requested": "1.0.3"
        }
    },
    "testRuntime": {
        "com.netflix.nebula:nebula-test": {
            "locked": "6.0.1",
            "requested": "6.0.1"
        },
        "org.jetbrains.kotlin:kotlin-gradle-plugin": {
            "locked": "1.1.2",
            "requested": "1.1.2"
        },
        "org.jetbrains.kotlin:kotlin-reflect": {
            "locked": "1.1.2",
            "requested": "1.1.2"
        },
        "org.jetbrains.kotlin:kotlin-stdlib": {
            "locked": "1.1.2",
            "requested": "1.0.3"
        }
    },
    "testRuntimeClasspath": {
        "com.netflix.nebula:nebula-test": {
            "locked": "6.0.1",
            "requested": "6.0.1"
        },
        "org.jetbrains.kotlin:kotlin-gradle-plugin": {
            "locked": "1.1.2",
            "requested": "1.1.2"
        },
        "org.jetbrains.kotlin:kotlin-reflect": {
            "locked": "1.1.2",
            "requested": "1.1.2"
        },
        "org.jetbrains.kotlin:kotlin-stdlib": {
            "locked": "1.1.2",
            "requested": "1.0.3"
        }
    }
}